<?xml version="1.0" encoding="utf-8"?>
<Project ToolsVersion="4.0" xmlns="http://schemas.microsoft.com/developer/msbuild/2003">
  <ItemGroup>
    <Filter Include="Source Files">
      <UniqueIdentifier>{4FC737F1-C7A5-4376-A066-2A32D752A2FF}</UniqueIdentifier>
      <Extensions>cpp;c;cc;cxx;def;odl;idl;hpj;bat;asm;asmx</Extensions>
    </Filter>
    <Filter Include="Header Files">
      <UniqueIdentifier>{93995380-89BD-4b04-88EB-625FBE52EBFB}</UniqueIdentifier>
      <Extensions>h;hh;hpp;hxx;hm;inl;inc;ipp;xsd</Extensions>
    </Filter>
    <Filter Include="Resource Files">
      <UniqueIdentifier>{67DA6AB6-F800-4c08-8B7A-83BB121AAD01}</UniqueIdentifier>
      <Extensions>rc;ico;cur;bmp;dlg;rc2;rct;bin;rgs;gif;jpg;jpeg;jpe;resx;tiff;tif;png;wav;mfcribbon-ms</Extensions>
    </Filter>
    <Filter Include="Source Files\Demos">
      <UniqueIdentifier>{17b38ea0-2460-4a50-82fe-ca4e8aa50e3b}</UniqueIdentifier>
    </Filter>
    <Filter Include="Source Files\Demos\Utils">
      <UniqueIdentifier>{3a3afd5a-0ade-431d-a195-43d08436434e}</UniqueIdentifier>
    </Filter>
  </ItemGroup>
  <ItemGroup>
    <ClCompile Include="BonTest.cpp">
      <Filter>Source Files</Filter>
    </ClCompile>
    <ClCompile Include="demos\demo1_hello_world.cpp">
      <Filter>Source Files\Demos</Filter>
    </ClCompile>
    <ClCompile Include="demos\demo2_draw_to_texture.cpp">
      <Filter>Source Files\Demos</Filter>
    </ClCompile>
    <ClCompile Include="demos\demo3_input_and_sound.cpp">
      <Filter>Source Files\Demos</Filter>
    </ClCompile>
    <ClCompile Include="demos\demo5_lights.cpp">
      <Filter>Source Files\Demos</Filter>
    </ClCompile>
    <ClCompile Include="demos\demo6_filtering_modes.cpp">
      <Filter>Source Files\Demos</Filter>
    </ClCompile>
    <ClCompile Include="demos\demo7_fake_resolution.cpp">
      <Filter>Source Files\Demos</Filter>
    </ClCompile>
    <ClCompile Include="demos\utils\Perlin.cpp">
      <Filter>Source Files\Demos\Utils</Filter>
    </ClCompile>
    <ClCompile Include="demos\demo8_pitches.cpp">
      <Filter>Source Files\Demos</Filter>
    </ClCompile>
    <ClCompile Include="demos\demo9_blend_modes.cpp">
      <Filter>Source Files\Demos</Filter>
    </ClCompile>
    <ClCompile Include="demos\demo10_shapes.cpp">
      <Filter>Source Files\Demos</Filter>
    </ClCompile>
    <ClCompile Include="demos\demo11_custom_manager.cpp">
      <Filter>Source Files\Demos</Filter>
    </ClCompile>
    <ClCompile Include="demos\demo12_layered_scenes.cpp">
      <Filter>Source Files\Demos</Filter>
    </ClCompile>
    <ClCompile Include="demos\demo13_a_walk_in_the_forest.cpp">
      <Filter>Source Files\Demos</Filter>
    </ClCompile>
    <ClCompile Include="demos\demo4_spritesheet.cpp">
      <Filter>Source Files\Demos</Filter>
    </ClCompile>
    <ClCompile Include="demos\demo14_switch_scenes.cpp">
      <Filter>Source Files\Demos</Filter>
    </ClCompile>
    <ClCompile Include="demos\demo15_performance.cpp">
      <Filter>Source Files\Demos</Filter>
    </ClCompile>
    <ClCompile Include="demos\demo16_ui.cpp">
      <Filter>Source Files\Demos</Filter>
    </ClCompile>
  </ItemGroup>
  <ItemGroup>
    <ClInclude Include="demos.h">
      <Filter>Header Files</Filter>
    </ClInclude>
    <ClInclude Include="demos\utils\Perlin.h">
      <Filter>Header Files</Filter>
    </ClInclude>
  </ItemGroup>
</Project>